// !$*UTF8*$!
{
	archiveVersion = 1;
	classes = {
	};
	objectVersion = 56;
	objects = {

/* Begin PBXBuildFile section */
		8B920D972A27F52B00FB94A5 /* GameCell.swift in Sources */ = {isa = PBXBuildFile; fileRef = 8B920D962A27F52B00FB94A5 /* GameCell.swift */; };
		8B920D992A27F55000FB94A5 /* Game.swift in Sources */ = {isa = PBXBuildFile; fileRef = 8B920D982A27F55000FB94A5 /* Game.swift */; };
		8B920D9E2A27F5F800FB94A5 /* GamesViewController.swift in Sources */ = {isa = PBXBuildFile; fileRef = 8B920D9D2A27F5F800FB94A5 /* GamesViewController.swift */; };
		8B920DA02A27F62100FB94A5 /* GamesViewModel.swift in Sources */ = {isa = PBXBuildFile; fileRef = 8B920D9F2A27F62100FB94A5 /* GamesViewModel.swift */; };
		8B920DA22A27F64B00FB94A5 /* FavoritesViewModel.swift in Sources */ = {isa = PBXBuildFile; fileRef = 8B920DA12A27F64B00FB94A5 /* FavoritesViewModel.swift */; };
		8B920DA42A27F65A00FB94A5 /* FavoritesViewController.swift in Sources */ = {isa = PBXBuildFile; fileRef = 8B920DA32A27F65A00FB94A5 /* FavoritesViewController.swift */; };
		8BAF98392A24CF24005D7F46 /* AppDelegate.swift in Sources */ = {isa = PBXBuildFile; fileRef = 8BAF98382A24CF24005D7F46 /* AppDelegate.swift */; };
		8BAF983B2A24CF24005D7F46 /* SceneDelegate.swift in Sources */ = {isa = PBXBuildFile; fileRef = 8BAF983A2A24CF24005D7F46 /* SceneDelegate.swift */; };
		8BAF983D2A24CF24005D7F46 /* TabbarBaseViewController.swift in Sources */ = {isa = PBXBuildFile; fileRef = 8BAF983C2A24CF24005D7F46 /* TabbarBaseViewController.swift */; };
		8BAF98432A24CF24005D7F46 /* JrAkademiProject.xcdatamodeld in Sources */ = {isa = PBXBuildFile; fileRef = 8BAF98412A24CF24005D7F46 /* JrAkademiProject.xcdatamodeld */; };
		8BAF98452A24CF26005D7F46 /* Assets.xcassets in Resources */ = {isa = PBXBuildFile; fileRef = 8BAF98442A24CF26005D7F46 /* Assets.xcassets */; };
		8BAF98482A24CF27005D7F46 /* LaunchScreen.storyboard in Resources */ = {isa = PBXBuildFile; fileRef = 8BAF98462A24CF27005D7F46 /* LaunchScreen.storyboard */; };
		8BC791782A28B8AE001FFC6C /* DefaultModel.swift in Sources */ = {isa = PBXBuildFile; fileRef = 8BC791772A28B8AE001FFC6C /* DefaultModel.swift */; };
		8BC7917A2A28BA76001FFC6C /* APIManager.swift in Sources */ = {isa = PBXBuildFile; fileRef = 8BC791792A28BA76001FFC6C /* APIManager.swift */; };
		8BC7917C2A28D236001FFC6C /* HelloMessage.swift in Sources */ = {isa = PBXBuildFile; fileRef = 8BC7917B2A28D236001FFC6C /* HelloMessage.swift */; };
		8F015A27F88A8AF2AF4A9A6C /* Pods_JrAkademiProject.framework in Frameworks */ = {isa = PBXBuildFile; fileRef = 945B4979EA0DB997FD5AC1A8 /* Pods_JrAkademiProject.framework */; };
/* End PBXBuildFile section */

/* Begin PBXFileReference section */
		8B920D962A27F52B00FB94A5 /* GameCell.swift */ = {isa = PBXFileReference; lastKnownFileType = sourcecode.swift; path = GameCell.swift; sourceTree = "<group>"; };
		8B920D982A27F55000FB94A5 /* Game.swift */ = {isa = PBXFileReference; lastKnownFileType = sourcecode.swift; path = Game.swift; sourceTree = "<group>"; };
		8B920D9D2A27F5F800FB94A5 /* GamesViewController.swift */ = {isa = PBXFileReference; lastKnownFileType = sourcecode.swift; path = GamesViewController.swift; sourceTree = "<group>"; };
		8B920D9F2A27F62100FB94A5 /* GamesViewModel.swift */ = {isa = PBXFileReference; lastKnownFileType = sourcecode.swift; path = GamesViewModel.swift; sourceTree = "<group>"; };
		8B920DA12A27F64B00FB94A5 /* FavoritesViewModel.swift */ = {isa = PBXFileReference; lastKnownFileType = sourcecode.swift; path = FavoritesViewModel.swift; sourceTree = "<group>"; };
		8B920DA32A27F65A00FB94A5 /* FavoritesViewController.swift */ = {isa = PBXFileReference; lastKnownFileType = sourcecode.swift; path = FavoritesViewController.swift; sourceTree = "<group>"; };
		8BAF98352A24CF24005D7F46 /* JrAkademiProject.app */ = {isa = PBXFileReference; explicitFileType = wrapper.application; includeInIndex = 0; path = JrAkademiProject.app; sourceTree = BUILT_PRODUCTS_DIR; };
		8BAF98382A24CF24005D7F46 /* AppDelegate.swift */ = {isa = PBXFileReference; lastKnownFileType = sourcecode.swift; path = AppDelegate.swift; sourceTree = "<group>"; };
		8BAF983A2A24CF24005D7F46 /* SceneDelegate.swift */ = {isa = PBXFileReference; lastKnownFileType = sourcecode.swift; path = SceneDelegate.swift; sourceTree = "<group>"; };
		8BAF983C2A24CF24005D7F46 /* TabbarBaseViewController.swift */ = {isa = PBXFileReference; lastKnownFileType = sourcecode.swift; path = TabbarBaseViewController.swift; sourceTree = "<group>"; };
		8BAF98422A24CF24005D7F46 /* JrAkademiProject.xcdatamodel */ = {isa = PBXFileReference; lastKnownFileType = wrapper.xcdatamodel; path = JrAkademiProject.xcdatamodel; sourceTree = "<group>"; };
		8BAF98442A24CF26005D7F46 /* Assets.xcassets */ = {isa = PBXFileReference; lastKnownFileType = folder.assetcatalog; path = Assets.xcassets; sourceTree = "<group>"; };
		8BAF98472A24CF27005D7F46 /* Base */ = {isa = PBXFileReference; lastKnownFileType = file.storyboard; name = Base; path = Base.lproj/LaunchScreen.storyboard; sourceTree = "<group>"; };
		8BAF98492A24CF27005D7F46 /* Info.plist */ = {isa = PBXFileReference; lastKnownFileType = text.plist.xml; path = Info.plist; sourceTree = "<group>"; };
		8BC791772A28B8AE001FFC6C /* DefaultModel.swift */ = {isa = PBXFileReference; lastKnownFileType = sourcecode.swift; path = DefaultModel.swift; sourceTree = "<group>"; };
		8BC791792A28BA76001FFC6C /* APIManager.swift */ = {isa = PBXFileReference; lastKnownFileType = sourcecode.swift; path = APIManager.swift; sourceTree = "<group>"; };
		8BC7917B2A28D236001FFC6C /* HelloMessage.swift */ = {isa = PBXFileReference; lastKnownFileType = sourcecode.swift; path = HelloMessage.swift; sourceTree = "<group>"; };
		945B4979EA0DB997FD5AC1A8 /* Pods_JrAkademiProject.framework */ = {isa = PBXFileReference; explicitFileType = wrapper.framework; includeInIndex = 0; path = Pods_JrAkademiProject.framework; sourceTree = BUILT_PRODUCTS_DIR; };
		B5C5F0DE27231060E557613D /* Pods-JrAkademiProject.debug.xcconfig */ = {isa = PBXFileReference; includeInIndex = 1; lastKnownFileType = text.xcconfig; name = "Pods-JrAkademiProject.debug.xcconfig"; path = "Target Support Files/Pods-JrAkademiProject/Pods-JrAkademiProject.debug.xcconfig"; sourceTree = "<group>"; };
		D4C29E2F11C63224FF093934 /* Pods-JrAkademiProject.release.xcconfig */ = {isa = PBXFileReference; includeInIndex = 1; lastKnownFileType = text.xcconfig; name = "Pods-JrAkademiProject.release.xcconfig"; path = "Target Support Files/Pods-JrAkademiProject/Pods-JrAkademiProject.release.xcconfig"; sourceTree = "<group>"; };
/* End PBXFileReference section */

/* Begin PBXFrameworksBuildPhase section */
		8BAF98322A24CF24005D7F46 /* Frameworks */ = {
			isa = PBXFrameworksBuildPhase;
			buildActionMask = 2147483647;
			files = (
				8F015A27F88A8AF2AF4A9A6C /* Pods_JrAkademiProject.framework in Frameworks */,
			);
			runOnlyForDeploymentPostprocessing = 0;
		};
/* End PBXFrameworksBuildPhase section */

/* Begin PBXGroup section */
		7BAD64A2BE1D9CFDC9AB5314 /* Pods */ = {
			isa = PBXGroup;
			children = (
				B5C5F0DE27231060E557613D /* Pods-JrAkademiProject.debug.xcconfig */,
				D4C29E2F11C63224FF093934 /* Pods-JrAkademiProject.release.xcconfig */,
			);
			path = Pods;
			sourceTree = "<group>";
		};
		8B920D9B2A27F5D400FB94A5 /* Games */ = {
			isa = PBXGroup;
			children = (
				8B920D9D2A27F5F800FB94A5 /* GamesViewController.swift */,
				8B920D9F2A27F62100FB94A5 /* GamesViewModel.swift */,
			);
			path = Games;
			sourceTree = "<group>";
		};
		8B920D9C2A27F5DC00FB94A5 /* Favorites */ = {
			isa = PBXGroup;
			children = (
				8B920DA12A27F64B00FB94A5 /* FavoritesViewModel.swift */,
				8B920DA32A27F65A00FB94A5 /* FavoritesViewController.swift */,
			);
			path = Favorites;
			sourceTree = "<group>";
		};
		8BAF982C2A24CF24005D7F46 = {
			isa = PBXGroup;
			children = (
				8BAF98372A24CF24005D7F46 /* JrAkademiProject */,
				8BAF98362A24CF24005D7F46 /* Products */,
				7BAD64A2BE1D9CFDC9AB5314 /* Pods */,
				9B196327B024CF6F0F79B647 /* Frameworks */,
			);
			sourceTree = "<group>";
		};
		8BAF98362A24CF24005D7F46 /* Products */ = {
			isa = PBXGroup;
			children = (
				8BAF98352A24CF24005D7F46 /* JrAkademiProject.app */,
			);
			name = Products;
			sourceTree = "<group>";
		};
		8BAF98372A24CF24005D7F46 /* JrAkademiProject */ = {
			isa = PBXGroup;
			children = (
				8BAF98512A2501CB005D7F46 /* Scenes */,
				8BAF98542A250294005D7F46 /* Network */,
				8BAF98522A2501F8005D7F46 /* UIComponents */,
				8BAF98502A24F286005D7F46 /* Supporting Files */,
				8BAF98582A250416005D7F46 /* Resources */,
				8BAF983C2A24CF24005D7F46 /* TabbarBaseViewController.swift */,
				8BAF98462A24CF27005D7F46 /* LaunchScreen.storyboard */,
				8BAF98492A24CF27005D7F46 /* Info.plist */,
				8BAF98412A24CF24005D7F46 /* JrAkademiProject.xcdatamodeld */,
			);
			path = JrAkademiProject;
			sourceTree = "<group>";
		};
		8BAF98502A24F286005D7F46 /* Supporting Files */ = {
			isa = PBXGroup;
			children = (
				8BAF98382A24CF24005D7F46 /* AppDelegate.swift */,
				8BAF983A2A24CF24005D7F46 /* SceneDelegate.swift */,
			);
			path = "Supporting Files";
			sourceTree = "<group>";
		};
		8BAF98512A2501CB005D7F46 /* Scenes */ = {
			isa = PBXGroup;
			children = (
				8B920D9C2A27F5DC00FB94A5 /* Favorites */,
				8B920D9B2A27F5D400FB94A5 /* Games */,
			);
			path = Scenes;
			sourceTree = "<group>";
		};
		8BAF98522A2501F8005D7F46 /* UIComponents */ = {
			isa = PBXGroup;
			children = (
				8BAF98532A250222005D7F46 /* TableViewCells */,
			);
			path = UIComponents;
			sourceTree = "<group>";
		};
		8BAF98532A250222005D7F46 /* TableViewCells */ = {
			isa = PBXGroup;
			children = (
				8B920D962A27F52B00FB94A5 /* GameCell.swift */,
				8BC7917B2A28D236001FFC6C /* HelloMessage.swift */,
			);
			path = TableViewCells;
			sourceTree = "<group>";
		};
		8BAF98542A250294005D7F46 /* Network */ = {
			isa = PBXGroup;
			children = (
				8BAF98552A250355005D7F46 /* Models */,
				8BC791792A28BA76001FFC6C /* APIManager.swift */,
			);
			path = Network;
			sourceTree = "<group>";
		};
		8BAF98552A250355005D7F46 /* Models */ = {
			isa = PBXGroup;
			children = (
				8B920D982A27F55000FB94A5 /* Game.swift */,
				8BC791772A28B8AE001FFC6C /* DefaultModel.swift */,
			);
			path = Models;
			sourceTree = "<group>";
		};
		8BAF98582A250416005D7F46 /* Resources */ = {
			isa = PBXGroup;
			children = (
				8BAF98442A24CF26005D7F46 /* Assets.xcassets */,
			);
			path = Resources;
			sourceTree = "<group>";
		};
		9B196327B024CF6F0F79B647 /* Frameworks */ = {
			isa = PBXGroup;
			children = (
				945B4979EA0DB997FD5AC1A8 /* Pods_JrAkademiProject.framework */,
			);
			name = Frameworks;
			sourceTree = "<group>";
		};
/* End PBXGroup section */

/* Begin PBXNativeTarget section */
		8BAF98342A24CF24005D7F46 /* JrAkademiProject */ = {
			isa = PBXNativeTarget;
			buildConfigurationList = 8BAF984C2A24CF27005D7F46 /* Build configuration list for PBXNativeTarget "JrAkademiProject" */;
			buildPhases = (
				174FF0518C979220A9B6B794 /* [CP] Check Pods Manifest.lock */,
				8BAF98312A24CF24005D7F46 /* Sources */,
				8BAF98322A24CF24005D7F46 /* Frameworks */,
				8BAF98332A24CF24005D7F46 /* Resources */,
				8BAF984F2A24DF36005D7F46 /* ShellScript */,
				C47FB816EAFB38F6068DC116 /* [CP] Embed Pods Frameworks */,
			);
			buildRules = (
			);
			dependencies = (
			);
			name = JrAkademiProject;
			productName = JrAkademiProject;
			productReference = 8BAF98352A24CF24005D7F46 /* JrAkademiProject.app */;
			productType = "com.apple.product-type.application";
		};
/* End PBXNativeTarget section */

/* Begin PBXProject section */
		8BAF982D2A24CF24005D7F46 /* Project object */ = {
			isa = PBXProject;
			attributes = {
				BuildIndependentTargetsInParallel = 1;
				LastSwiftUpdateCheck = 1400;
				LastUpgradeCheck = 1400;
				TargetAttributes = {
					8BAF98342A24CF24005D7F46 = {
						CreatedOnToolsVersion = 14.0.1;
					};
				};
			};
			buildConfigurationList = 8BAF98302A24CF24005D7F46 /* Build configuration list for PBXProject "JrAkademiProject" */;
			compatibilityVersion = "Xcode 14.0";
			developmentRegion = en;
			hasScannedForEncodings = 0;
			knownRegions = (
				en,
				Base,
			);
			mainGroup = 8BAF982C2A24CF24005D7F46;
			productRefGroup = 8BAF98362A24CF24005D7F46 /* Products */;
			projectDirPath = "";
			projectRoot = "";
			targets = (
				8BAF98342A24CF24005D7F46 /* JrAkademiProject */,
			);
		};
/* End PBXProject section */

/* Begin PBXResourcesBuildPhase section */
		8BAF98332A24CF24005D7F46 /* Resources */ = {
			isa = PBXResourcesBuildPhase;
			buildActionMask = 2147483647;
			files = (
				8BAF98482A24CF27005D7F46 /* LaunchScreen.storyboard in Resources */,
				8BAF98452A24CF26005D7F46 /* Assets.xcassets in Resources */,
			);
			runOnlyForDeploymentPostprocessing = 0;
		};
/* End PBXResourcesBuildPhase section */

/* Begin PBXShellScriptBuildPhase section */
		174FF0518C979220A9B6B794 /* [CP] Check Pods Manifest.lock */ = {
			isa = PBXShellScriptBuildPhase;
			buildActionMask = 2147483647;
			files = (
			);
			inputFileListPaths = (
			);
			inputPaths = (
				"${PODS_PODFILE_DIR_PATH}/Podfile.lock",
				"${PODS_ROOT}/Manifest.lock",
			);
			name = "[CP] Check Pods Manifest.lock";
			outputFileListPaths = (
			);
			outputPaths = (
				"$(DERIVED_FILE_DIR)/Pods-JrAkademiProject-checkManifestLockResult.txt",
			);
			runOnlyForDeploymentPostprocessing = 0;
			shellPath = /bin/sh;
			shellScript = "diff \"${PODS_PODFILE_DIR_PATH}/Podfile.lock\" \"${PODS_ROOT}/Manifest.lock\" > /dev/null\nif [ $? != 0 ] ; then\n    # print error to STDERR\n    echo \"error: The sandbox is not in sync with the Podfile.lock. Run 'pod install' or update your CocoaPods installation.\" >&2\n    exit 1\nfi\n# This output is used by Xcode 'outputs' to avoid re-running this script phase.\necho \"SUCCESS\" > \"${SCRIPT_OUTPUT_FILE_0}\"\n";
			showEnvVarsInLog = 0;
		};
		8BAF984F2A24DF36005D7F46 /* ShellScript */ = {
			isa = PBXShellScriptBuildPhase;
			buildActionMask = 2147483647;
			files = (
			);
			inputFileListPaths = (
			);
			inputPaths = (
			);
			outputFileListPaths = (
			);
			outputPaths = (
				"$(DERIVED_FILE_DIR)/newOutputFile",
			);
			runOnlyForDeploymentPostprocessing = 0;
			shellPath = /bin/sh;
			shellScript = "export PATH=\"$PATH:/opt/homebrew/bin\"\nif which swiftlint >/dev/null; then\n  swiftlint\nelse\n  echo \"warning: SwiftLint not installed, download from https://github.com/realm/SwiftLint\"\nfi\n";
		};
		C47FB816EAFB38F6068DC116 /* [CP] Embed Pods Frameworks */ = {
			isa = PBXShellScriptBuildPhase;
			buildActionMask = 2147483647;
			files = (
			);
			inputFileListPaths = (
				"${PODS_ROOT}/Target Support Files/Pods-JrAkademiProject/Pods-JrAkademiProject-frameworks-${CONFIGURATION}-input-files.xcfilelist",
			);
			name = "[CP] Embed Pods Frameworks";
			outputFileListPaths = (
				"${PODS_ROOT}/Target Support Files/Pods-JrAkademiProject/Pods-JrAkademiProject-frameworks-${CONFIGURATION}-output-files.xcfilelist",
			);
			runOnlyForDeploymentPostprocessing = 0;
			shellPath = /bin/sh;
			shellScript = "\"${PODS_ROOT}/Target Support Files/Pods-JrAkademiProject/Pods-JrAkademiProject-frameworks.sh\"\n";
			showEnvVarsInLog = 0;
		};
/* End PBXShellScriptBuildPhase section */

/* Begin PBXSourcesBuildPhase section */
		8BAF98312A24CF24005D7F46 /* Sources */ = {
			isa = PBXSourcesBuildPhase;
			buildActionMask = 2147483647;
			files = (
				8BC7917A2A28BA76001FFC6C /* APIManager.swift in Sources */,
				8B920DA02A27F62100FB94A5 /* GamesViewModel.swift in Sources */,
				8B920D9E2A27F5F800FB94A5 /* GamesViewController.swift in Sources */,
				8B920D972A27F52B00FB94A5 /* GameCell.swift in Sources */,
				8B920DA22A27F64B00FB94A5 /* FavoritesViewModel.swift in Sources */,
				8B920D992A27F55000FB94A5 /* Game.swift in Sources */,
				8BAF98432A24CF24005D7F46 /* JrAkademiProject.xcdatamodeld in Sources */,
				8BAF983D2A24CF24005D7F46 /* TabbarBaseViewController.swift in Sources */,
				8BC7917C2A28D236001FFC6C /* HelloMessage.swift in Sources */,
				8BAF98392A24CF24005D7F46 /* AppDelegate.swift in Sources */,
				8B920DA42A27F65A00FB94A5 /* FavoritesViewController.swift in Sources */,
				8BAF983B2A24CF24005D7F46 /* SceneDelegate.swift in Sources */,
				8BC791782A28B8AE001FFC6C /* DefaultModel.swift in Sources */,
			);
			runOnlyForDeploymentPostprocessing = 0;
		};
/* End PBXSourcesBuildPhase section */

/* Begin PBXVariantGroup section */
		8BAF98462A24CF27005D7F46 /* LaunchScreen.storyboard */ = {
			isa = PBXVariantGroup;
			children = (
				8BAF98472A24CF27005D7F46 /* Base */,
			);
			name = LaunchScreen.storyboard;
			sourceTree = "<group>";
		};
/* End PBXVariantGroup section */

/* Begin XCBuildConfiguration section */
		8BAF984A2A24CF27005D7F46 /* Debug */ = {
			isa = XCBuildConfiguration;
			buildSettings = {
				ALWAYS_SEARCH_USER_PATHS = NO;
				CLANG_ANALYZER_NONNULL = YES;
				CLANG_ANALYZER_NUMBER_OBJECT_CONVERSION = YES_AGGRESSIVE;
				CLANG_CXX_LANGUAGE_STANDARD = "gnu++20";
				CLANG_ENABLE_MODULES = YES;
				CLANG_ENABLE_OBJC_ARC = YES;
				CLANG_ENABLE_OBJC_WEAK = YES;
				CLANG_WARN_BLOCK_CAPTURE_AUTORELEASING = YES;
				CLANG_WARN_BOOL_CONVERSION = YES;
				CLANG_WARN_COMMA = YES;
				CLANG_WARN_CONSTANT_CONVERSION = YES;
				CLANG_WARN_DEPRECATED_OBJC_IMPLEMENTATIONS = YES;
				CLANG_WARN_DIRECT_OBJC_ISA_USAGE = YES_ERROR;
				CLANG_WARN_DOCUMENTATION_COMMENTS = YES;
				CLANG_WARN_EMPTY_BODY = YES;
				CLANG_WARN_ENUM_CONVERSION = YES;
				CLANG_WARN_INFINITE_RECURSION = YES;
				CLANG_WARN_INT_CONVERSION = YES;
				CLANG_WARN_NON_LITERAL_NULL_CONVERSION = YES;
				CLANG_WARN_OBJC_IMPLICIT_RETAIN_SELF = YES;
				CLANG_WARN_OBJC_LITERAL_CONVERSION = YES;
				CLANG_WARN_OBJC_ROOT_CLASS = YES_ERROR;
				CLANG_WARN_QUOTED_INCLUDE_IN_FRAMEWORK_HEADER = YES;
				CLANG_WARN_RANGE_LOOP_ANALYSIS = YES;
				CLANG_WARN_STRICT_PROTOTYPES = YES;
				CLANG_WARN_SUSPICIOUS_MOVE = YES;
				CLANG_WARN_UNGUARDED_AVAILABILITY = YES_AGGRESSIVE;
				CLANG_WARN_UNREACHABLE_CODE = YES;
				CLANG_WARN__DUPLICATE_METHOD_MATCH = YES;
				COPY_PHASE_STRIP = NO;
				DEBUG_INFORMATION_FORMAT = dwarf;
				ENABLE_STRICT_OBJC_MSGSEND = YES;
				ENABLE_TESTABILITY = YES;
				GCC_C_LANGUAGE_STANDARD = gnu11;
				GCC_DYNAMIC_NO_PIC = NO;
				GCC_NO_COMMON_BLOCKS = YES;
				GCC_OPTIMIZATION_LEVEL = 0;
				GCC_PREPROCESSOR_DEFINITIONS = (
					"DEBUG=1",
					"$(inherited)",
				);
				GCC_WARN_64_TO_32_BIT_CONVERSION = YES;
				GCC_WARN_ABOUT_RETURN_TYPE = YES_ERROR;
				GCC_WARN_UNDECLARED_SELECTOR = YES;
				GCC_WARN_UNINITIALIZED_AUTOS = YES_AGGRESSIVE;
				GCC_WARN_UNUSED_FUNCTION = YES;
				GCC_WARN_UNUSED_VARIABLE = YES;
				IPHONEOS_DEPLOYMENT_TARGET = 16.0;
				MTL_ENABLE_DEBUG_INFO = INCLUDE_SOURCE;
				MTL_FAST_MATH = YES;
				ONLY_ACTIVE_ARCH = YES;
				SDKROOT = iphoneos;
				SWIFT_ACTIVE_COMPILATION_CONDITIONS = DEBUG;
				SWIFT_OPTIMIZATION_LEVEL = "-Onone";
			};
			name = Debug;
		};
		8BAF984B2A24CF27005D7F46 /* Release */ = {
			isa = XCBuildConfiguration;
			buildSettings = {
				ALWAYS_SEARCH_USER_PATHS = NO;
				CLANG_ANALYZER_NONNULL = YES;
				CLANG_ANALYZER_NUMBER_OBJECT_CONVERSION = YES_AGGRESSIVE;
				CLANG_CXX_LANGUAGE_STANDARD = "gnu++20";
				CLANG_ENABLE_MODULES = YES;
				CLANG_ENABLE_OBJC_ARC = YES;
				CLANG_ENABLE_OBJC_WEAK = YES;
				CLANG_WARN_BLOCK_CAPTURE_AUTORELEASING = YES;
				CLANG_WARN_BOOL_CONVERSION = YES;
				CLANG_WARN_COMMA = YES;
				CLANG_WARN_CONSTANT_CONVERSION = YES;
				CLANG_WARN_DEPRECATED_OBJC_IMPLEMENTATIONS = YES;
				CLANG_WARN_DIRECT_OBJC_ISA_USAGE = YES_ERROR;
				CLANG_WARN_DOCUMENTATION_COMMENTS = YES;
				CLANG_WARN_EMPTY_BODY = YES;
				CLANG_WARN_ENUM_CONVERSION = YES;
				CLANG_WARN_INFINITE_RECURSION = YES;
				CLANG_WARN_INT_CONVERSION = YES;
				CLANG_WARN_NON_LITERAL_NULL_CONVERSION = YES;
				CLANG_WARN_OBJC_IMPLICIT_RETAIN_SELF = YES;
				CLANG_WARN_OBJC_LITERAL_CONVERSION = YES;
				CLANG_WARN_OBJC_ROOT_CLASS = YES_ERROR;
				CLANG_WARN_QUOTED_INCLUDE_IN_FRAMEWORK_HEADER = YES;
				CLANG_WARN_RANGE_LOOP_ANALYSIS = YES;
				CLANG_WARN_STRICT_PROTOTYPES = YES;
				CLANG_WARN_SUSPICIOUS_MOVE = YES;
				CLANG_WARN_UNGUARDED_AVAILABILITY = YES_AGGRESSIVE;
				CLANG_WARN_UNREACHABLE_CODE = YES;
				CLANG_WARN__DUPLICATE_METHOD_MATCH = YES;
				COPY_PHASE_STRIP = NO;
				DEBUG_INFORMATION_FORMAT = "dwarf-with-dsym";
				ENABLE_NS_ASSERTIONS = NO;
				ENABLE_STRICT_OBJC_MSGSEND = YES;
				GCC_C_LANGUAGE_STANDARD = gnu11;
				GCC_NO_COMMON_BLOCKS = YES;
				GCC_WARN_64_TO_32_BIT_CONVERSION = YES;
				GCC_WARN_ABOUT_RETURN_TYPE = YES_ERROR;
				GCC_WARN_UNDECLARED_SELECTOR = YES;
				GCC_WARN_UNINITIALIZED_AUTOS = YES_AGGRESSIVE;
				GCC_WARN_UNUSED_FUNCTION = YES;
				GCC_WARN_UNUSED_VARIABLE = YES;
				IPHONEOS_DEPLOYMENT_TARGET = 16.0;
				MTL_ENABLE_DEBUG_INFO = NO;
				MTL_FAST_MATH = YES;
				SDKROOT = iphoneos;
				SWIFT_COMPILATION_MODE = wholemodule;
				SWIFT_OPTIMIZATION_LEVEL = "-O";
				VALIDATE_PRODUCT = YES;
			};
			name = Release;
		};
		8BAF984D2A24CF27005D7F46 /* Debug */ = {
			isa = XCBuildConfiguration;
			baseConfigurationReference = B5C5F0DE27231060E557613D /* Pods-JrAkademiProject.debug.xcconfig */;
			buildSettings = {
				ASSETCATALOG_COMPILER_APPICON_NAME = AppIcon;
				ASSETCATALOG_COMPILER_GLOBAL_ACCENT_COLOR_NAME = AccentColor;
				CODE_SIGN_STYLE = Automatic;
				CURRENT_PROJECT_VERSION = 1;
				DEVELOPMENT_TEAM = B8239BAK4D;
				GENERATE_INFOPLIST_FILE = YES;
				INFOPLIST_FILE = JrAkademiProject/Info.plist;
				INFOPLIST_KEY_UIApplicationSupportsIndirectInputEvents = YES;
				INFOPLIST_KEY_UILaunchStoryboardName = LaunchScreen;
				INFOPLIST_KEY_UISupportedInterfaceOrientations_iPad = "UIInterfaceOrientationPortrait UIInterfaceOrientationPortraitUpsideDown UIInterfaceOrientationLandscapeLeft UIInterfaceOrientationLandscapeRight";
				INFOPLIST_KEY_UISupportedInterfaceOrientations_iPhone = "UIInterfaceOrientationPortrait UIInterfaceOrientationLandscapeLeft UIInterfaceOrientationLandscapeRight";
				LD_RUNPATH_SEARCH_PATHS = (
					"$(inherited)",
					"@executable_path/Frameworks",
				);
				MARKETING_VERSION = 1.0;
				PRODUCT_BUNDLE_IDENTIFIER = moveonApps.JrAkademiProject;
				PRODUCT_NAME = "$(TARGET_NAME)";
				SWIFT_EMIT_LOC_STRINGS = YES;
				SWIFT_VERSION = 5.0;
				TARGETED_DEVICE_FAMILY = "1,2";
			};
			name = Debug;
		};
		8BAF984E2A24CF27005D7F46 /* Release */ = {
			isa = XCBuildConfiguration;
			baseConfigurationReference = D4C29E2F11C63224FF093934 /* Pods-JrAkademiProject.release.xcconfig */;
			buildSettings = {
				ASSETCATALOG_COMPILER_APPICON_NAME = AppIcon;
				ASSETCATALOG_COMPILER_GLOBAL_ACCENT_COLOR_NAME = AccentColor;
				CODE_SIGN_STYLE = Automatic;
				CURRENT_PROJECT_VERSION = 1;
				DEVELOPMENT_TEAM = B8239BAK4D;
				GENERATE_INFOPLIST_FILE = YES;
				INFOPLIST_FILE = JrAkademiProject/Info.plist;
				INFOPLIST_KEY_UIApplicationSupportsIndirectInputEvents = YES;
				INFOPLIST_KEY_UILaunchStoryboardName = LaunchScreen;
				INFOPLIST_KEY_UISupportedInterfaceOrientations_iPad = "UIInterfaceOrientationPortrait UIInterfaceOrientationPortraitUpsideDown UIInterfaceOrientationLandscapeLeft UIInterfaceOrientationLandscapeRight";
				INFOPLIST_KEY_UISupportedInterfaceOrientations_iPhone = "UIInterfaceOrientationPortrait UIInterfaceOrientationLandscapeLeft UIInterfaceOrientationLandscapeRight";
				LD_RUNPATH_SEARCH_PATHS = (
					"$(inherited)",
					"@executable_path/Frameworks",
				);
				MARKETING_VERSION = 1.0;
				PRODUCT_BUNDLE_IDENTIFIER = moveonApps.JrAkademiProject;
				PRODUCT_NAME = "$(TARGET_NAME)";
				SWIFT_EMIT_LOC_STRINGS = YES;
				SWIFT_VERSION = 5.0;
				TARGETED_DEVICE_FAMILY = "1,2";
			};
			name = Release;
		};
/* End XCBuildConfiguration section */

/* Begin XCConfigurationList section */
		8BAF98302A24CF24005D7F46 /* Build configuration list for PBXProject "JrAkademiProject" */ = {
			isa = XCConfigurationList;
			buildConfigurations = (
				8BAF984A2A24CF27005D7F46 /* Debug */,
				8BAF984B2A24CF27005D7F46 /* Release */,
			);
			defaultConfigurationIsVisible = 0;
			defaultConfigurationName = Release;
		};
		8BAF984C2A24CF27005D7F46 /* Build configuration list for PBXNativeTarget "JrAkademiProject" */ = {
			isa = XCConfigurationList;
			buildConfigurations = (
				8BAF984D2A24CF27005D7F46 /* Debug */,
				8BAF984E2A24CF27005D7F46 /* Release */,
			);
			defaultConfigurationIsVisible = 0;
			defaultConfigurationName = Release;
		};
/* End XCConfigurationList section */

/* Begin XCVersionGroup section */
		8BAF98412A24CF24005D7F46 /* JrAkademiProject.xcdatamodeld */ = {
			isa = XCVersionGroup;
			children = (
				8BAF98422A24CF24005D7F46 /* JrAkademiProject.xcdatamodel */,
			);
			currentVersion = 8BAF98422A24CF24005D7F46 /* JrAkademiProject.xcdatamodel */;
			path = JrAkademiProject.xcdatamodeld;
			sourceTree = "<group>";
			versionGroupType = wrapper.xcdatamodel;
		};
/* End XCVersionGroup section */
	};
	rootObject = 8BAF982D2A24CF24005D7F46 /* Project object */;
}
